
Microsoft Visual Studio Solution File, Format Version 11.00
# Visual Studio 2010
Project("{FAE04EC0-301F-11D3-BF4B-00C04F79EFBC}") = "TapTitanXNA_JonryBorbe", "TapTitanXNA_JonryBorbe\TapTitanXNA_JonryBorbe\TapTitanXNA_JonryBorbe.csproj", "{9AC3238D-4B9B-46B1-8011-C9AF1CCCD145}"
EndProject
Project("{96E2B04D-8817-42C6-938A-82C39BA4D311}") = "TapTitanXNA_JonryBorbeContent", "TapTitanXNA_JonryBorbe\TapTitanXNA_JonryBorbeContent\TapTitanXNA_JonryBorbeContent.contentproj", "{52EE3753-CEE7-4F36-AA9A-C94AAF01D145}"
EndProject
Global
	GlobalSection(SolutionConfigurationPlatforms) = preSolution
		Debug|x86 = Debug|x86
		Release|x86 = Release|x86
	EndGlobalSection
	GlobalSection(ProjectConfigurationPlatforms) = postSolution
		{9AC3238D-4B9B-46B1-8011-C9AF1CCCD145}.Debug|x86.ActiveCfg = Debug|x86
		{9AC3238D-4B9B-46B1-8011-C9AF1CCCD145}.Debug|x86.Build.0 = Debug|x86
		{9AC3238D-4B9B-46B1-8011-C9AF1CCCD145}.Release|x86.ActiveCfg = Release|x86
		{9AC3238D-4B9B-46B1-8011-C9AF1CCCD145}.Release|x86.Build.0 = Release|x86
		{52EE3753-CEE7-4F36-AA9A-C94AAF01D145}.Debug|x86.ActiveCfg = Debug|x86
		{52EE3753-CEE7-4F36-AA9A-C94AAF01D145}.Release|x86.ActiveCfg = Release|x86
	EndGlobalSection
	GlobalSection(SolutionProperties) = preSolution
		HideSolutionNode = FALSE
	EndGlobalSection
EndGlobal
